github.com/cpuguy83/go-md2man/v2 v2.0.2 h1:p1EgwI/C7NhT0JmVkwCD2ZBK8j4aeHQX2pMHHBfMQ6w=
github.com/cpuguy83/go-md2man/v2 v2.0.2/go.mod h1:tgQtvFlXSQOSOSIRvRPT7W67SCa46tRHOmNcaadrF8o=
github.com/goark/kkconv v0.3.2 h1:VCd+qA3JCnxaYxFlDITAMbZI+P0XxBw4cmbXS2OdglA=
github.com/goark/kkconv v0.3.2/go.mod h1:Qw3DWwe8+xtBO7i48cELQh5205PJZ0QLdRkkqRiENR4=
github.com/goark/krconv v0.2.2 h1:cigFeH4nFG9QdVfxbNW1slT2t1x4/qE+JfVPLtHrot4=
github.com/goark/krconv v0.2.2/go.mod h1:oSe8tC0UnsOMI0L/uGkHKH7dC/kGKuvrAGOGq8EzQwk=
github.com/ikawaha/kagome-dict v1.0.7 h1:W31gx2VH0LQxrYRn9yDz2pqpY36UxcxqEHqQ4U9n0vA=
github.com/ikawaha/kagome-dict v1.0.7/go.mod h1:URXr0HwDcdBPNDn1uw8hnem4zhildeAeCXuTWQFA7NA=
github.com/ikawaha/kagome-dict/ipa v1.0.9 h1:iQITqQKpYtby83z6IglEKozV2Arbv70JHxIdKf4RRMA=
github.com/ikawaha/kagome-dict/ipa v1.0.9/go.mod h1:sBGF+9wBZR9NMMY9Ge8ULgntX1pLx4xQgjD8TOvHpCI=
github.com/ikawaha/kagome/v2 v2.9.0 h1:J5t2JteaqjjKjuHMMA/8Pq9DEuhuuKMPvf8ua097M7w=
github.com/ikawaha/kagome/v2 v2.9.0/go.mod h1:uHUMeHH+6ORiag4AF55fTQF4PrIuBjKSEsZ6HcUcfJI=
github.com/rivo/uniseg v0.4.3 h1:utMvzDsuh3suAEnhH0RdHmoPbU648o6CvXxTx4SBMOw=
github.com/rivo/uniseg v0.4.3/go.mod h1:FN3SvrM+Zdj16jyLfmOkMNblXMcoc8DfTHruCPUcx88=
github.com/russross/blackfriday/v2 v2.1.0 h1:JIOH55/0cWyOuilr9/qlrm0BSXldqnqwMsf35Ld67mk=
github.com/russross/blackfriday/v2 v2.1.0/go.mod h1:+Rmxgy9KzJVeS9/2gXHxylqXiyQDYRxCVz55jmeOWTM=
github.com/urfave/cli/v2 v2.23.7 h1:YHDQ46s3VghFHFf1DdF+Sh7H4RqhcM+t0TmZRJx4oJY=
github.com/urfave/cli/v2 v2.23.7/go.mod h1:GHupkWPMM0M/sj1a2b4wUrWBPzazNrIjouW6fmdJLxc=
github.com/xrash/smetrics v0.0.0-20201216005158-039620a65673 h1:bAn7/zixMGCfxrRTfdpNzjtPYqr8smhKouy9mxVdGPU=
github.com/xrash/smetrics v0.0.0-20201216005158-039620a65673/go.mod h1:N3UwUGtsrSj3ccvlPHLoLsHnpR27oXr4ZE984MbSER8=
golang.org/x/exp v0.0.0-20230118134722-a68e582fa157 h1:fiNkyhJPUvxbRPbCqY/D9qdjmPzfHcpK3P4bM4gioSY=
golang.org/x/exp v0.0.0-20230118134722-a68e582fa157/go.mod h1:CxIveKay+FTh1D0yPZemJVgC/95VzuuOLq5Qi4xnoYc=
golang.org/x/text v0.6.0 h1:3XmdazWV+ubf7QgHSTWeykHOci5oeekaGJBLkrkaw4k=
golang.org/x/text v0.6.0/go.mod h1:mrYo+phRRbMaCq/xk9113O4dZlRixOauAjOtrjsXDZ8=
